
Microsoft Visual Studio Solution File, Format Version 12.00
# Visual Studio Version 16
VisualStudioVersion = 25.0.1706.14
MinimumVisualStudioVersion = 10.0.40219.1
Project("{FAE04EC0-301F-11D3-BF4B-00C04F79EFBC}") = "DotNetMvcWeb", "DotNetMvcWeb.csproj", "{517CD61C-EEEA-4809-9321-CC388C7DC7D3}"
EndProject
Project("{FAE04EC0-301F-11D3-BF4B-00C04F79EFBC}") = "DotNetMvcWeb.Tests", "DotNetMvcWeb.Tests\DotNetMvcWeb.Tests.csproj", "{AD91A456-176F-4FD1-99CA-66A6CCC545B9}"
EndProject
Global
	GlobalSection(SolutionConfigurationPlatforms) = preSolution
		Debug|Any CPU = Debug|Any CPU
		Debug|x64 = Debug|x64
		Debug|x86 = Debug|x86
		Release|Any CPU = Release|Any CPU
		Release|x64 = Release|x64
		Release|x86 = Release|x86
	EndGlobalSection
	GlobalSection(ProjectConfigurationPlatforms) = postSolution
		{517CD61C-EEEA-4809-9321-CC388C7DC7D3}.Debug|Any CPU.ActiveCfg = Debug|Any CPU
		{517CD61C-EEEA-4809-9321-CC388C7DC7D3}.Debug|Any CPU.Build.0 = Debug|Any CPU
		{517CD61C-EEEA-4809-9321-CC388C7DC7D3}.Debug|x64.ActiveCfg = Debug|Any CPU
		{517CD61C-EEEA-4809-9321-CC388C7DC7D3}.Debug|x64.Build.0 = Debug|Any CPU
		{517CD61C-EEEA-4809-9321-CC388C7DC7D3}.Debug|x86.ActiveCfg = Debug|Any CPU
		{517CD61C-EEEA-4809-9321-CC388C7DC7D3}.Debug|x86.Build.0 = Debug|Any CPU
		{517CD61C-EEEA-4809-9321-CC388C7DC7D3}.Release|Any CPU.ActiveCfg = Release|Any CPU
		{517CD61C-EEEA-4809-9321-CC388C7DC7D3}.Release|Any CPU.Build.0 = Release|Any CPU
		{517CD61C-EEEA-4809-9321-CC388C7DC7D3}.Release|x64.ActiveCfg = Release|Any CPU
		{517CD61C-EEEA-4809-9321-CC388C7DC7D3}.Release|x64.Build.0 = Release|Any CPU
		{517CD61C-EEEA-4809-9321-CC388C7DC7D3}.Release|x86.ActiveCfg = Release|Any CPU
		{517CD61C-EEEA-4809-9321-CC388C7DC7D3}.Release|x86.Build.0 = Release|Any CPU
		{AD91A456-176F-4FD1-99CA-66A6CCC545B9}.Debug|Any CPU.ActiveCfg = Debug|Any CPU
		{AD91A456-176F-4FD1-99CA-66A6CCC545B9}.Debug|Any CPU.Build.0 = Debug|Any CPU
		{AD91A456-176F-4FD1-99CA-66A6CCC545B9}.Debug|x64.ActiveCfg = Debug|Any CPU
		{AD91A456-176F-4FD1-99CA-66A6CCC545B9}.Debug|x64.Build.0 = Debug|Any CPU
		{AD91A456-176F-4FD1-99CA-66A6CCC545B9}.Debug|x86.ActiveCfg = Debug|Any CPU
		{AD91A456-176F-4FD1-99CA-66A6CCC545B9}.Debug|x86.Build.0 = Debug|Any CPU
		{AD91A456-176F-4FD1-99CA-66A6CCC545B9}.Release|Any CPU.ActiveCfg = Release|Any CPU
		{AD91A456-176F-4FD1-99CA-66A6CCC545B9}.Release|Any CPU.Build.0 = Release|Any CPU
		{AD91A456-176F-4FD1-99CA-66A6CCC545B9}.Release|x64.ActiveCfg = Release|Any CPU
		{AD91A456-176F-4FD1-99CA-66A6CCC545B9}.Release|x64.Build.0 = Release|Any CPU
		{AD91A456-176F-4FD1-99CA-66A6CCC545B9}.Release|x86.ActiveCfg = Release|Any CPU
		{AD91A456-176F-4FD1-99CA-66A6CCC545B9}.Release|x86.Build.0 = Release|Any CPU
	EndGlobalSection
	GlobalSection(SolutionProperties) = preSolution
		HideSolutionNode = FALSE
	EndGlobalSection
	GlobalSection(ExtensibilityGlobals) = postSolution
		SolutionGuid = {33180DDC-5177-4698-B11E-D02EB9742D62}
	EndGlobalSection
EndGlobal
